{
  "nodes": {
    "nix-github-actions": {
      "inputs": {
        "nixpkgs": [
          "zephyr-nix",
          "nixpkgs"
        ]
      },
      "locked": {
        "lastModified": 1731952509,
        "narHash": "sha256-p4gB3Rhw8R6Ak4eMl8pqjCPOLCZRqaehZxdZ/mbFClM=",
        "owner": "nix-community",
        "repo": "nix-github-actions",
        "rev": "7b5f051df789b6b20d259924d349a9ba3319b226",
        "type": "github"
      },
      "original": {
        "owner": "nix-community",
        "repo": "nix-github-actions",
        "type": "github"
      }
    },
    "nixpkgs": {
      "locked": {
        "lastModified": 1764947035,
        "narHash": "sha256-EYHSjVM4Ox4lvCXUMiKKs2vETUSL5mx+J2FfutM7T9w=",
        "owner": "NixOS",
        "repo": "nixpkgs",
        "rev": "a672be65651c80d3f592a89b3945466584a22069",
        "type": "github"
      },
      "original": {
        "owner": "NixOS",
        "ref": "nixpkgs-unstable",
        "repo": "nixpkgs",
        "type": "github"
      }
    },
    "pyproject-nix": {
      "inputs": {
        "nixpkgs": [
          "zephyr-nix",
          "nixpkgs"
        ]
      },
      "locked": {
        "lastModified": 1736836246,
        "narHash": "sha256-bFvBMziYvFtB/Hly+O4WtBGeiDoz7eb2dVQbOvIrHHM=",
        "owner": "nix-community",
        "repo": "pyproject.nix",
        "rev": "3db43c7414fce4ce94ca67545233d251d306385a",
        "type": "github"
      },
      "original": {
        "owner": "nix-community",
        "repo": "pyproject.nix",
        "type": "github"
      }
    },
    "root": {
      "inputs": {
        "nixpkgs": "nixpkgs",
        "zephyr": "zephyr",
        "zephyr-nix": "zephyr-nix",
        "zmk-nix": "zmk-nix"
      }
    },
    "zephyr": {
      "flake": false,
      "locked": {
        "lastModified": 1755558002,
        "narHash": "sha256-7QpHcotCG+m16PvGdB+aZrU+5p/FSXhmkmtMoUkKqs4=",
        "owner": "zmkfirmware",
        "repo": "zephyr",
        "rev": "dacab4875df72109b96cc8977547a0dc04875bcd",
        "type": "github"
      },
      "original": {
        "owner": "zmkfirmware",
        "ref": "v3.5.0+zmk-fixes",
        "repo": "zephyr",
        "type": "github"
      }
    },
    "zephyr-nix": {
      "inputs": {
        "nix-github-actions": "nix-github-actions",
        "nixpkgs": [
          "nixpkgs"
        ],
        "pyproject-nix": "pyproject-nix",
        "zephyr": [
          "zephyr"
        ]
      },
      "locked": {
        "lastModified": 1743611519,
        "narHash": "sha256-K9cA1igLWVnqM703cM5lEXoGSgKBAaPUnnfFsJo+XLM=",
        "owner": "urob",
        "repo": "zephyr-nix",
        "rev": "3069faffa3692fc54a555c986c3a0d647bf5d7d0",
        "type": "github"
      },
      "original": {
        "owner": "urob",
        "repo": "zephyr-nix",
        "type": "github"
      }
    },
    "zmk-nix": {
      "inputs": {
        "nixpkgs": [
          "nixpkgs"
        ]
      },
      "locked": {
        "lastModified": 1765068173,
        "narHash": "sha256-Gks1rTLteKCw/q6qo3zPcUwEdxFQS/2yHc21l8YK1pY=",
        "owner": "lilyinstarlight",
        "repo": "zmk-nix",
        "rev": "f02a78c8c06d283ea1399c14aaec308bfb77dc1b",
        "type": "github"
      },
      "original": {
        "owner": "lilyinstarlight",
        "repo": "zmk-nix",
        "type": "github"
      }
    }
  },
  "root": "root",
  "version": 7
}
